// !$*UTF8*$!
{
	archiveVersion = 1;
	classes = {
	};
	objectVersion = 50;
	objects = {

/* Begin PBXBuildFile section */
		A2AA631F20733E86005676C6 /* suffix.cpp in Sources */ = {isa = PBXBuildFile; fileRef = A2AA631520733E85005676C6 /* suffix.cpp */; };
		A2AA632120733E86005676C6 /* application.cpp in Sources */ = {isa = PBXBuildFile; fileRef = A2AA631920733E86005676C6 /* application.cpp */; };
		A2AA632220733E86005676C6 /* suffixarray.cpp in Sources */ = {isa = PBXBuildFile; fileRef = A2AA631A20733E86005676C6 /* suffixarray.cpp */; };
		A2AA632320733E86005676C6 /* suffixtree.cpp in Sources */ = {isa = PBXBuildFile; fileRef = A2AA631C20733E86005676C6 /* suffixtree.cpp */; };
		A2AA632420733E86005676C6 /* lcp.cpp in Sources */ = {isa = PBXBuildFile; fileRef = A2AA631E20733E86005676C6 /* lcp.cpp */; };
		A2AA6328207341B1005676C6 /* helpers.cpp in Sources */ = {isa = PBXBuildFile; fileRef = A2AA6326207341B1005676C6 /* helpers.cpp */; };
/* End PBXBuildFile section */

/* Begin PBXCopyFilesBuildPhase section */
		A2AA630820733DEA005676C6 /* CopyFiles */ = {
			isa = PBXCopyFilesBuildPhase;
			buildActionMask = 2147483647;
			dstPath = /usr/share/man/man1/;
			dstSubfolderSpec = 0;
			files = (
			);
			runOnlyForDeploymentPostprocessing = 1;
		};
/* End PBXCopyFilesBuildPhase section */

/* Begin PBXFileReference section */
		A2AA630A20733DEA005676C6 /* suffixtree */ = {isa = PBXFileReference; explicitFileType = "compiled.mach-o.executable"; includeInIndex = 0; path = suffixtree; sourceTree = BUILT_PRODUCTS_DIR; };
		A2AA631420733E85005676C6 /* suffix.hpp */ = {isa = PBXFileReference; fileEncoding = 4; lastKnownFileType = sourcecode.cpp.h; path = suffix.hpp; sourceTree = "<group>"; };
		A2AA631520733E85005676C6 /* suffix.cpp */ = {isa = PBXFileReference; fileEncoding = 4; lastKnownFileType = sourcecode.cpp.cpp; path = suffix.cpp; sourceTree = "<group>"; };
		A2AA631620733E85005676C6 /* suffixtreenode.hpp */ = {isa = PBXFileReference; fileEncoding = 4; lastKnownFileType = sourcecode.cpp.h; path = suffixtreenode.hpp; sourceTree = "<group>"; };
		A2AA631720733E85005676C6 /* lcp.hpp */ = {isa = PBXFileReference; fileEncoding = 4; lastKnownFileType = sourcecode.cpp.h; path = lcp.hpp; sourceTree = "<group>"; };
		A2AA631920733E86005676C6 /* application.cpp */ = {isa = PBXFileReference; fileEncoding = 4; lastKnownFileType = sourcecode.cpp.cpp; path = application.cpp; sourceTree = "<group>"; };
		A2AA631A20733E86005676C6 /* suffixarray.cpp */ = {isa = PBXFileReference; fileEncoding = 4; lastKnownFileType = sourcecode.cpp.cpp; path = suffixarray.cpp; sourceTree = "<group>"; };
		A2AA631B20733E86005676C6 /* suffixarray.hpp */ = {isa = PBXFileReference; fileEncoding = 4; lastKnownFileType = sourcecode.cpp.h; path = suffixarray.hpp; sourceTree = "<group>"; };
		A2AA631C20733E86005676C6 /* suffixtree.cpp */ = {isa = PBXFileReference; fileEncoding = 4; lastKnownFileType = sourcecode.cpp.cpp; path = suffixtree.cpp; sourceTree = "<group>"; };
		A2AA631D20733E86005676C6 /* suffixtree.hpp */ = {isa = PBXFileReference; fileEncoding = 4; lastKnownFileType = sourcecode.cpp.h; path = suffixtree.hpp; sourceTree = "<group>"; };
		A2AA631E20733E86005676C6 /* lcp.cpp */ = {isa = PBXFileReference; fileEncoding = 4; lastKnownFileType = sourcecode.cpp.cpp; path = lcp.cpp; sourceTree = "<group>"; };
		A2AA6326207341B1005676C6 /* helpers.cpp */ = {isa = PBXFileReference; lastKnownFileType = sourcecode.cpp.cpp; path = helpers.cpp; sourceTree = "<group>"; };
		A2AA6327207341B1005676C6 /* helpers.hpp */ = {isa = PBXFileReference; lastKnownFileType = sourcecode.cpp.h; path = helpers.hpp; sourceTree = "<group>"; };
/* End PBXFileReference section */

/* Begin PBXFrameworksBuildPhase section */
		A2AA630720733DEA005676C6 /* Frameworks */ = {
			isa = PBXFrameworksBuildPhase;
			buildActionMask = 2147483647;
			files = (
			);
			runOnlyForDeploymentPostprocessing = 0;
		};
/* End PBXFrameworksBuildPhase section */

/* Begin PBXGroup section */
		A2AA630120733DEA005676C6 = {
			isa = PBXGroup;
			children = (
				A2AA630C20733DEA005676C6 /* suffixtree */,
				A2AA630B20733DEA005676C6 /* Products */,
			);
			sourceTree = "<group>";
		};
		A2AA630B20733DEA005676C6 /* Products */ = {
			isa = PBXGroup;
			children = (
				A2AA630A20733DEA005676C6 /* suffixtree */,
			);
			name = Products;
			sourceTree = "<group>";
		};
		A2AA630C20733DEA005676C6 /* suffixtree */ = {
			isa = PBXGroup;
			children = (
				A2AA631920733E86005676C6 /* application.cpp */,
				A2AA631E20733E86005676C6 /* lcp.cpp */,
				A2AA631720733E85005676C6 /* lcp.hpp */,
				A2AA631520733E85005676C6 /* suffix.cpp */,
				A2AA631420733E85005676C6 /* suffix.hpp */,
				A2AA631A20733E86005676C6 /* suffixarray.cpp */,
				A2AA631B20733E86005676C6 /* suffixarray.hpp */,
				A2AA631C20733E86005676C6 /* suffixtree.cpp */,
				A2AA631D20733E86005676C6 /* suffixtree.hpp */,
				A2AA631620733E85005676C6 /* suffixtreenode.hpp */,
				A2AA6326207341B1005676C6 /* helpers.cpp */,
				A2AA6327207341B1005676C6 /* helpers.hpp */,
			);
			path = suffixtree;
			sourceTree = "<group>";
		};
/* End PBXGroup section */

/* Begin PBXNativeTarget section */
		A2AA630920733DEA005676C6 /* suffixtree */ = {
			isa = PBXNativeTarget;
			buildConfigurationList = A2AA631120733DEA005676C6 /* Build configuration list for PBXNativeTarget "suffixtree" */;
			buildPhases = (
				A2AA630620733DEA005676C6 /* Sources */,
				A2AA630720733DEA005676C6 /* Frameworks */,
				A2AA630820733DEA005676C6 /* CopyFiles */,
			);
			buildRules = (
			);
			dependencies = (
			);
			name = suffixtree;
			productName = suffixtree;
			productReference = A2AA630A20733DEA005676C6 /* suffixtree */;
			productType = "com.apple.product-type.tool";
		};
/* End PBXNativeTarget section */

/* Begin PBXProject section */
		A2AA630220733DEA005676C6 /* Project object */ = {
			isa = PBXProject;
			attributes = {
				LastUpgradeCheck = 0930;
				ORGANIZATIONNAME = "Brad Lindsay";
				TargetAttributes = {
					A2AA630920733DEA005676C6 = {
						CreatedOnToolsVersion = 9.3;
					};
				};
			};
			buildConfigurationList = A2AA630520733DEA005676C6 /* Build configuration list for PBXProject "suffixtree" */;
			compatibilityVersion = "Xcode 9.3";
			developmentRegion = en;
			hasScannedForEncodings = 0;
			knownRegions = (
				en,
			);
			mainGroup = A2AA630120733DEA005676C6;
			productRefGroup = A2AA630B20733DEA005676C6 /* Products */;
			projectDirPath = "";
			projectRoot = "";
			targets = (
				A2AA630920733DEA005676C6 /* suffixtree */,
			);
		};
/* End PBXProject section */

/* Begin PBXSourcesBuildPhase section */
		A2AA630620733DEA005676C6 /* Sources */ = {
			isa = PBXSourcesBuildPhase;
			buildActionMask = 2147483647;
			files = (
				A2AA632120733E86005676C6 /* application.cpp in Sources */,
				A2AA6328207341B1005676C6 /* helpers.cpp in Sources */,
				A2AA631F20733E86005676C6 /* suffix.cpp in Sources */,
				A2AA632220733E86005676C6 /* suffixarray.cpp in Sources */,
				A2AA632420733E86005676C6 /* lcp.cpp in Sources */,
				A2AA632320733E86005676C6 /* suffixtree.cpp in Sources */,
			);
			runOnlyForDeploymentPostprocessing = 0;
		};
/* End PBXSourcesBuildPhase section */

/* Begin XCBuildConfiguration section */
		A2AA630F20733DEA005676C6 /* Debug */ = {
			isa = XCBuildConfiguration;
			buildSettings = {
				ALWAYS_SEARCH_USER_PATHS = NO;
				CLANG_ANALYZER_NONNULL = YES;
				CLANG_ANALYZER_NUMBER_OBJECT_CONVERSION = YES_AGGRESSIVE;
				CLANG_CXX_LANGUAGE_STANDARD = "gnu++14";
				CLANG_CXX_LIBRARY = "libc++";
				CLANG_ENABLE_MODULES = YES;
				CLANG_ENABLE_OBJC_ARC = YES;
				CLANG_ENABLE_OBJC_WEAK = YES;
				CLANG_WARN_BLOCK_CAPTURE_AUTORELEASING = YES;
				CLANG_WARN_BOOL_CONVERSION = YES;
				CLANG_WARN_COMMA = YES;
				CLANG_WARN_CONSTANT_CONVERSION = YES;
				CLANG_WARN_DEPRECATED_OBJC_IMPLEMENTATIONS = YES;
				CLANG_WARN_DIRECT_OBJC_ISA_USAGE = YES_ERROR;
				CLANG_WARN_DOCUMENTATION_COMMENTS = YES;
				CLANG_WARN_EMPTY_BODY = YES;
				CLANG_WARN_ENUM_CONVERSION = YES;
				CLANG_WARN_INFINITE_RECURSION = YES;
				CLANG_WARN_INT_CONVERSION = YES;
				CLANG_WARN_NON_LITERAL_NULL_CONVERSION = YES;
				CLANG_WARN_OBJC_IMPLICIT_RETAIN_SELF = YES;
				CLANG_WARN_OBJC_LITERAL_CONVERSION = YES;
				CLANG_WARN_OBJC_ROOT_CLASS = YES_ERROR;
				CLANG_WARN_RANGE_LOOP_ANALYSIS = YES;
				CLANG_WARN_STRICT_PROTOTYPES = YES;
				CLANG_WARN_SUSPICIOUS_MOVE = YES;
				CLANG_WARN_UNGUARDED_AVAILABILITY = YES_AGGRESSIVE;
				CLANG_WARN_UNREACHABLE_CODE = YES;
				CLANG_WARN__DUPLICATE_METHOD_MATCH = YES;
				CODE_SIGN_IDENTITY = "Mac Developer";
				COPY_PHASE_STRIP = NO;
				DEBUG_INFORMATION_FORMAT = dwarf;
				ENABLE_STRICT_OBJC_MSGSEND = YES;
				ENABLE_TESTABILITY = YES;
				GCC_C_LANGUAGE_STANDARD = gnu11;
				GCC_DYNAMIC_NO_PIC = NO;
				GCC_NO_COMMON_BLOCKS = YES;
				GCC_OPTIMIZATION_LEVEL = 0;
				GCC_PREPROCESSOR_DEFINITIONS = (
					"DEBUG=1",
					"$(inherited)",
				);
				GCC_WARN_64_TO_32_BIT_CONVERSION = YES;
				GCC_WARN_ABOUT_RETURN_TYPE = YES_ERROR;
				GCC_WARN_UNDECLARED_SELECTOR = YES;
				GCC_WARN_UNINITIALIZED_AUTOS = YES_AGGRESSIVE;
				GCC_WARN_UNUSED_FUNCTION = YES;
				GCC_WARN_UNUSED_VARIABLE = YES;
				MACOSX_DEPLOYMENT_TARGET = 10.13;
				MTL_ENABLE_DEBUG_INFO = YES;
				ONLY_ACTIVE_ARCH = YES;
				SDKROOT = macosx;
			};
			name = Debug;
		};
		A2AA631020733DEA005676C6 /* Release */ = {
			isa = XCBuildConfiguration;
			buildSettings = {
				ALWAYS_SEARCH_USER_PATHS = NO;
				CLANG_ANALYZER_NONNULL = YES;
				CLANG_ANALYZER_NUMBER_OBJECT_CONVERSION = YES_AGGRESSIVE;
				CLANG_CXX_LANGUAGE_STANDARD = "gnu++14";
				CLANG_CXX_LIBRARY = "libc++";
				CLANG_ENABLE_MODULES = YES;
				CLANG_ENABLE_OBJC_ARC = YES;
				CLANG_ENABLE_OBJC_WEAK = YES;
				CLANG_WARN_BLOCK_CAPTURE_AUTORELEASING = YES;
				CLANG_WARN_BOOL_CONVERSION = YES;
				CLANG_WARN_COMMA = YES;
				CLANG_WARN_CONSTANT_CONVERSION = YES;
				CLANG_WARN_DEPRECATED_OBJC_IMPLEMENTATIONS = YES;
				CLANG_WARN_DIRECT_OBJC_ISA_USAGE = YES_ERROR;
				CLANG_WARN_DOCUMENTATION_COMMENTS = YES;
				CLANG_WARN_EMPTY_BODY = YES;
				CLANG_WARN_ENUM_CONVERSION = YES;
				CLANG_WARN_INFINITE_RECURSION = YES;
				CLANG_WARN_INT_CONVERSION = YES;
				CLANG_WARN_NON_LITERAL_NULL_CONVERSION = YES;
				CLANG_WARN_OBJC_IMPLICIT_RETAIN_SELF = YES;
				CLANG_WARN_OBJC_LITERAL_CONVERSION = YES;
				CLANG_WARN_OBJC_ROOT_CLASS = YES_ERROR;
				CLANG_WARN_RANGE_LOOP_ANALYSIS = YES;
				CLANG_WARN_STRICT_PROTOTYPES = YES;
				CLANG_WARN_SUSPICIOUS_MOVE = YES;
				CLANG_WARN_UNGUARDED_AVAILABILITY = YES_AGGRESSIVE;
				CLANG_WARN_UNREACHABLE_CODE = YES;
				CLANG_WARN__DUPLICATE_METHOD_MATCH = YES;
				CODE_SIGN_IDENTITY = "Mac Developer";
				COPY_PHASE_STRIP = NO;
				DEBUG_INFORMATION_FORMAT = "dwarf-with-dsym";
				ENABLE_NS_ASSERTIONS = NO;
				ENABLE_STRICT_OBJC_MSGSEND = YES;
				GCC_C_LANGUAGE_STANDARD = gnu11;
				GCC_NO_COMMON_BLOCKS = YES;
				GCC_WARN_64_TO_32_BIT_CONVERSION = YES;
				GCC_WARN_ABOUT_RETURN_TYPE = YES_ERROR;
				GCC_WARN_UNDECLARED_SELECTOR = YES;
				GCC_WARN_UNINITIALIZED_AUTOS = YES_AGGRESSIVE;
				GCC_WARN_UNUSED_FUNCTION = YES;
				GCC_WARN_UNUSED_VARIABLE = YES;
				MACOSX_DEPLOYMENT_TARGET = 10.13;
				MTL_ENABLE_DEBUG_INFO = NO;
				SDKROOT = macosx;
			};
			name = Release;
		};
		A2AA631220733DEA005676C6 /* Debug */ = {
			isa = XCBuildConfiguration;
			buildSettings = {
				CODE_SIGN_STYLE = Automatic;
				DEVELOPMENT_TEAM = V9RM22837G;
				PRODUCT_NAME = "$(TARGET_NAME)";
			};
			name = Debug;
		};
		A2AA631320733DEA005676C6 /* Release */ = {
			isa = XCBuildConfiguration;
			buildSettings = {
				CODE_SIGN_STYLE = Automatic;
				DEVELOPMENT_TEAM = V9RM22837G;
				PRODUCT_NAME = "$(TARGET_NAME)";
			};
			name = Release;
		};
/* End XCBuildConfiguration section */

/* Begin XCConfigurationList section */
		A2AA630520733DEA005676C6 /* Build configuration list for PBXProject "suffixtree" */ = {
			isa = XCConfigurationList;
			buildConfigurations = (
				A2AA630F20733DEA005676C6 /* Debug */,
				A2AA631020733DEA005676C6 /* Release */,
			);
			defaultConfigurationIsVisible = 0;
			defaultConfigurationName = Release;
		};
		A2AA631120733DEA005676C6 /* Build configuration list for PBXNativeTarget "suffixtree" */ = {
			isa = XCConfigurationList;
			buildConfigurations = (
				A2AA631220733DEA005676C6 /* Debug */,
				A2AA631320733DEA005676C6 /* Release */,
			);
			defaultConfigurationIsVisible = 0;
			defaultConfigurationName = Release;
		};
/* End XCConfigurationList section */
	};
	rootObject = A2AA630220733DEA005676C6 /* Project object */;
}
