// !$*UTF8*$!
{
	archiveVersion = 1;
	classes = {
	};
	objectVersion = 50;
	objects = {

/* Begin PBXBuildFile section */
		A2656221207BE01D005FC8EB /* textstat.cpp in Sources */ = {isa = PBXBuildFile; fileRef = A265621F207BE01D005FC8EB /* textstat.cpp */; };
		A265623C207D08CD005FC8EB /* helpers.cpp in Sources */ = {isa = PBXBuildFile; fileRef = A2AA6326207341B1005676C6 /* helpers.cpp */; };
		A265623D207D08CD005FC8EB /* lcparray.cpp in Sources */ = {isa = PBXBuildFile; fileRef = A2AA631E20733E86005676C6 /* lcparray.cpp */; };
		A265623E207D08CD005FC8EB /* prefix.cpp in Sources */ = {isa = PBXBuildFile; fileRef = A2AA63292074532F005676C6 /* prefix.cpp */; };
		A265623F207D08CD005FC8EB /* suffix.cpp in Sources */ = {isa = PBXBuildFile; fileRef = A2AA631520733E85005676C6 /* suffix.cpp */; };
		A2656240207D08CD005FC8EB /* suffixarray.cpp in Sources */ = {isa = PBXBuildFile; fileRef = A2AA631A20733E86005676C6 /* suffixarray.cpp */; };
		A2656241207D08CD005FC8EB /* suffixtree.cpp in Sources */ = {isa = PBXBuildFile; fileRef = A2AA631C20733E86005676C6 /* suffixtree.cpp */; };
		A2656242207D08CD005FC8EB /* textstat.cpp in Sources */ = {isa = PBXBuildFile; fileRef = A265621F207BE01D005FC8EB /* textstat.cpp */; };
		A2656244207D08CD005FC8EB /* testtextstat.cpp in Sources */ = {isa = PBXBuildFile; fileRef = A2656222207BE06F005FC8EB /* testtextstat.cpp */; };
		A2656245207D08CD005FC8EB /* runner.cpp in Sources */ = {isa = PBXBuildFile; fileRef = A2D692AA2078803A00F2A171 /* runner.cpp */; };
		A2656247207DC0CA005FC8EB /* testsuffixarray.cpp in Sources */ = {isa = PBXBuildFile; fileRef = A2656246207DC0CA005FC8EB /* testsuffixarray.cpp */; };
		A2656249207DC439005FC8EB /* textlcparray.cpp in Sources */ = {isa = PBXBuildFile; fileRef = A2656248207DC439005FC8EB /* textlcparray.cpp */; };
		A265624B207DC8AB005FC8EB /* testprefix.cpp in Sources */ = {isa = PBXBuildFile; fileRef = A265624A207DC8AB005FC8EB /* testprefix.cpp */; };
		A265624D207DCCFD005FC8EB /* testsuffix.cpp in Sources */ = {isa = PBXBuildFile; fileRef = A265624C207DCCFD005FC8EB /* testsuffix.cpp */; };
		A265624F207DCE32005FC8EB /* testsuffixtree.cpp in Sources */ = {isa = PBXBuildFile; fileRef = A265624E207DCE32005FC8EB /* testsuffixtree.cpp */; };
		A2656251207DDAF3005FC8EB /* testsuffixtreenode.cpp in Sources */ = {isa = PBXBuildFile; fileRef = A2656250207DDAF3005FC8EB /* testsuffixtreenode.cpp */; };
		A2AA631F20733E86005676C6 /* suffix.cpp in Sources */ = {isa = PBXBuildFile; fileRef = A2AA631520733E85005676C6 /* suffix.cpp */; };
		A2AA632120733E86005676C6 /* application.cpp in Sources */ = {isa = PBXBuildFile; fileRef = A2AA631920733E86005676C6 /* application.cpp */; };
		A2AA632220733E86005676C6 /* suffixarray.cpp in Sources */ = {isa = PBXBuildFile; fileRef = A2AA631A20733E86005676C6 /* suffixarray.cpp */; };
		A2AA632320733E86005676C6 /* suffixtree.cpp in Sources */ = {isa = PBXBuildFile; fileRef = A2AA631C20733E86005676C6 /* suffixtree.cpp */; };
		A2AA632420733E86005676C6 /* lcparray.cpp in Sources */ = {isa = PBXBuildFile; fileRef = A2AA631E20733E86005676C6 /* lcparray.cpp */; };
		A2AA6328207341B1005676C6 /* helpers.cpp in Sources */ = {isa = PBXBuildFile; fileRef = A2AA6326207341B1005676C6 /* helpers.cpp */; };
		A2AA632B2074532F005676C6 /* prefix.cpp in Sources */ = {isa = PBXBuildFile; fileRef = A2AA63292074532F005676C6 /* prefix.cpp */; };
/* End PBXBuildFile section */

/* Begin PBXCopyFilesBuildPhase section */
		A2AA630820733DEA005676C6 /* CopyFiles */ = {
			isa = PBXCopyFilesBuildPhase;
			buildActionMask = 2147483647;
			dstPath = /usr/share/man/man1/;
			dstSubfolderSpec = 0;
			files = (
			);
			runOnlyForDeploymentPostprocessing = 1;
		};
		A2D69296207870C000F2A171 /* CopyFiles */ = {
			isa = PBXCopyFilesBuildPhase;
			buildActionMask = 2147483647;
			dstPath = /usr/share/man/man1/;
			dstSubfolderSpec = 0;
			files = (
			);
			runOnlyForDeploymentPostprocessing = 1;
		};
/* End PBXCopyFilesBuildPhase section */

/* Begin PBXFileReference section */
		A265621F207BE01D005FC8EB /* textstat.cpp */ = {isa = PBXFileReference; lastKnownFileType = sourcecode.cpp.cpp; path = textstat.cpp; sourceTree = "<group>"; };
		A2656220207BE01D005FC8EB /* textstat.hpp */ = {isa = PBXFileReference; lastKnownFileType = sourcecode.cpp.h; path = textstat.hpp; sourceTree = "<group>"; };
		A2656222207BE06F005FC8EB /* testtextstat.cpp */ = {isa = PBXFileReference; lastKnownFileType = sourcecode.cpp.cpp; path = testtextstat.cpp; sourceTree = "<group>"; };
		A2656246207DC0CA005FC8EB /* testsuffixarray.cpp */ = {isa = PBXFileReference; lastKnownFileType = sourcecode.cpp.cpp; path = testsuffixarray.cpp; sourceTree = "<group>"; };
		A2656248207DC439005FC8EB /* textlcparray.cpp */ = {isa = PBXFileReference; lastKnownFileType = sourcecode.cpp.cpp; path = textlcparray.cpp; sourceTree = "<group>"; };
		A265624A207DC8AB005FC8EB /* testprefix.cpp */ = {isa = PBXFileReference; lastKnownFileType = sourcecode.cpp.cpp; path = testprefix.cpp; sourceTree = "<group>"; };
		A265624C207DCCFD005FC8EB /* testsuffix.cpp */ = {isa = PBXFileReference; lastKnownFileType = sourcecode.cpp.cpp; path = testsuffix.cpp; sourceTree = "<group>"; };
		A265624E207DCE32005FC8EB /* testsuffixtree.cpp */ = {isa = PBXFileReference; lastKnownFileType = sourcecode.cpp.cpp; path = testsuffixtree.cpp; sourceTree = "<group>"; };
		A2656250207DDAF3005FC8EB /* testsuffixtreenode.cpp */ = {isa = PBXFileReference; lastKnownFileType = sourcecode.cpp.cpp; path = testsuffixtreenode.cpp; sourceTree = "<group>"; };
		A2AA630A20733DEA005676C6 /* suffixtree */ = {isa = PBXFileReference; explicitFileType = "compiled.mach-o.executable"; includeInIndex = 0; path = suffixtree; sourceTree = BUILT_PRODUCTS_DIR; };
		A2AA631420733E85005676C6 /* suffix.hpp */ = {isa = PBXFileReference; fileEncoding = 4; lastKnownFileType = sourcecode.cpp.h; path = suffix.hpp; sourceTree = "<group>"; };
		A2AA631520733E85005676C6 /* suffix.cpp */ = {isa = PBXFileReference; fileEncoding = 4; lastKnownFileType = sourcecode.cpp.cpp; path = suffix.cpp; sourceTree = "<group>"; };
		A2AA631620733E85005676C6 /* suffixtreenode.hpp */ = {isa = PBXFileReference; fileEncoding = 4; lastKnownFileType = sourcecode.cpp.h; path = suffixtreenode.hpp; sourceTree = "<group>"; };
		A2AA631720733E85005676C6 /* lcparray.hpp */ = {isa = PBXFileReference; fileEncoding = 4; lastKnownFileType = sourcecode.cpp.h; path = lcparray.hpp; sourceTree = "<group>"; };
		A2AA631920733E86005676C6 /* application.cpp */ = {isa = PBXFileReference; fileEncoding = 4; lastKnownFileType = sourcecode.cpp.cpp; path = application.cpp; sourceTree = "<group>"; };
		A2AA631A20733E86005676C6 /* suffixarray.cpp */ = {isa = PBXFileReference; fileEncoding = 4; lastKnownFileType = sourcecode.cpp.cpp; path = suffixarray.cpp; sourceTree = "<group>"; };
		A2AA631B20733E86005676C6 /* suffixarray.hpp */ = {isa = PBXFileReference; fileEncoding = 4; lastKnownFileType = sourcecode.cpp.h; path = suffixarray.hpp; sourceTree = "<group>"; };
		A2AA631C20733E86005676C6 /* suffixtree.cpp */ = {isa = PBXFileReference; fileEncoding = 4; lastKnownFileType = sourcecode.cpp.cpp; path = suffixtree.cpp; sourceTree = "<group>"; };
		A2AA631D20733E86005676C6 /* suffixtree.hpp */ = {isa = PBXFileReference; fileEncoding = 4; lastKnownFileType = sourcecode.cpp.h; path = suffixtree.hpp; sourceTree = "<group>"; };
		A2AA631E20733E86005676C6 /* lcparray.cpp */ = {isa = PBXFileReference; fileEncoding = 4; lastKnownFileType = sourcecode.cpp.cpp; path = lcparray.cpp; sourceTree = "<group>"; };
		A2AA6326207341B1005676C6 /* helpers.cpp */ = {isa = PBXFileReference; lastKnownFileType = sourcecode.cpp.cpp; path = helpers.cpp; sourceTree = "<group>"; };
		A2AA6327207341B1005676C6 /* helpers.hpp */ = {isa = PBXFileReference; lastKnownFileType = sourcecode.cpp.h; path = helpers.hpp; sourceTree = "<group>"; };
		A2AA63292074532F005676C6 /* prefix.cpp */ = {isa = PBXFileReference; lastKnownFileType = sourcecode.cpp.cpp; path = prefix.cpp; sourceTree = "<group>"; };
		A2AA632A2074532F005676C6 /* prefix.hpp */ = {isa = PBXFileReference; lastKnownFileType = sourcecode.cpp.h; path = prefix.hpp; sourceTree = "<group>"; };
		A2D69298207870C000F2A171 /* testsuffixtree */ = {isa = PBXFileReference; explicitFileType = "compiled.mach-o.executable"; includeInIndex = 0; path = testsuffixtree; sourceTree = BUILT_PRODUCTS_DIR; };
		A2D692A920787FD100F2A171 /* include */ = {isa = PBXFileReference; lastKnownFileType = folder; path = include; sourceTree = "<group>"; };
		A2D692AA2078803A00F2A171 /* runner.cpp */ = {isa = PBXFileReference; lastKnownFileType = sourcecode.cpp.cpp; path = runner.cpp; sourceTree = "<group>"; };
/* End PBXFileReference section */

/* Begin PBXFrameworksBuildPhase section */
		A2AA630720733DEA005676C6 /* Frameworks */ = {
			isa = PBXFrameworksBuildPhase;
			buildActionMask = 2147483647;
			files = (
			);
			runOnlyForDeploymentPostprocessing = 0;
		};
		A2D69295207870C000F2A171 /* Frameworks */ = {
			isa = PBXFrameworksBuildPhase;
			buildActionMask = 2147483647;
			files = (
			);
			runOnlyForDeploymentPostprocessing = 0;
		};
/* End PBXFrameworksBuildPhase section */

/* Begin PBXGroup section */
		A265623B207D0881005FC8EB /* testsuffixtree */ = {
			isa = PBXGroup;
			children = (
				A2D692A920787FD100F2A171 /* include */,
				A2D692AA2078803A00F2A171 /* runner.cpp */,
				A2656246207DC0CA005FC8EB /* testsuffixarray.cpp */,
				A2656222207BE06F005FC8EB /* testtextstat.cpp */,
				A2656248207DC439005FC8EB /* textlcparray.cpp */,
				A265624A207DC8AB005FC8EB /* testprefix.cpp */,
				A265624C207DCCFD005FC8EB /* testsuffix.cpp */,
				A265624E207DCE32005FC8EB /* testsuffixtree.cpp */,
				A2656250207DDAF3005FC8EB /* testsuffixtreenode.cpp */,
			);
			path = testsuffixtree;
			sourceTree = "<group>";
		};
		A2AA630120733DEA005676C6 = {
			isa = PBXGroup;
			children = (
				A2AA630B20733DEA005676C6 /* Products */,
				A2AA630C20733DEA005676C6 /* suffixtree */,
				A265623B207D0881005FC8EB /* testsuffixtree */,
			);
			sourceTree = "<group>";
		};
		A2AA630B20733DEA005676C6 /* Products */ = {
			isa = PBXGroup;
			children = (
				A2AA630A20733DEA005676C6 /* suffixtree */,
				A2D69298207870C000F2A171 /* testsuffixtree */,
			);
			name = Products;
			sourceTree = "<group>";
		};
		A2AA630C20733DEA005676C6 /* suffixtree */ = {
			isa = PBXGroup;
			children = (
				A2AA631920733E86005676C6 /* application.cpp */,
				A2AA6326207341B1005676C6 /* helpers.cpp */,
				A2AA6327207341B1005676C6 /* helpers.hpp */,
				A2AA631E20733E86005676C6 /* lcparray.cpp */,
				A2AA631720733E85005676C6 /* lcparray.hpp */,
				A2AA63292074532F005676C6 /* prefix.cpp */,
				A2AA632A2074532F005676C6 /* prefix.hpp */,
				A2AA631520733E85005676C6 /* suffix.cpp */,
				A2AA631420733E85005676C6 /* suffix.hpp */,
				A2AA631A20733E86005676C6 /* suffixarray.cpp */,
				A2AA631B20733E86005676C6 /* suffixarray.hpp */,
				A2AA631C20733E86005676C6 /* suffixtree.cpp */,
				A2AA631D20733E86005676C6 /* suffixtree.hpp */,
				A2AA631620733E85005676C6 /* suffixtreenode.hpp */,
				A265621F207BE01D005FC8EB /* textstat.cpp */,
				A2656220207BE01D005FC8EB /* textstat.hpp */,
			);
			path = suffixtree;
			sourceTree = "<group>";
		};
/* End PBXGroup section */

/* Begin PBXNativeTarget section */
		A2AA630920733DEA005676C6 /* suffixtree */ = {
			isa = PBXNativeTarget;
			buildConfigurationList = A2AA631120733DEA005676C6 /* Build configuration list for PBXNativeTarget "suffixtree" */;
			buildPhases = (
				A2AA630620733DEA005676C6 /* Sources */,
				A2AA630720733DEA005676C6 /* Frameworks */,
				A2AA630820733DEA005676C6 /* CopyFiles */,
			);
			buildRules = (
			);
			dependencies = (
			);
			name = suffixtree;
			productName = suffixtree;
			productReference = A2AA630A20733DEA005676C6 /* suffixtree */;
			productType = "com.apple.product-type.tool";
		};
		A2D69297207870C000F2A171 /* testsuffixtree */ = {
			isa = PBXNativeTarget;
			buildConfigurationList = A2D6929C207870C000F2A171 /* Build configuration list for PBXNativeTarget "testsuffixtree" */;
			buildPhases = (
				A2D69294207870C000F2A171 /* Sources */,
				A2D69295207870C000F2A171 /* Frameworks */,
				A2D69296207870C000F2A171 /* CopyFiles */,
			);
			buildRules = (
			);
			dependencies = (
			);
			name = testsuffixtree;
			productName = testsuffixtree;
			productReference = A2D69298207870C000F2A171 /* testsuffixtree */;
			productType = "com.apple.product-type.tool";
		};
/* End PBXNativeTarget section */

/* Begin PBXProject section */
		A2AA630220733DEA005676C6 /* Project object */ = {
			isa = PBXProject;
			attributes = {
				LastUpgradeCheck = 0930;
				ORGANIZATIONNAME = "Brad Lindsay";
				TargetAttributes = {
					A2AA630920733DEA005676C6 = {
						CreatedOnToolsVersion = 9.3;
					};
					A2D69297207870C000F2A171 = {
						CreatedOnToolsVersion = 9.3;
					};
				};
			};
			buildConfigurationList = A2AA630520733DEA005676C6 /* Build configuration list for PBXProject "suffixtree" */;
			compatibilityVersion = "Xcode 9.3";
			developmentRegion = en;
			hasScannedForEncodings = 0;
			knownRegions = (
				en,
			);
			mainGroup = A2AA630120733DEA005676C6;
			productRefGroup = A2AA630B20733DEA005676C6 /* Products */;
			projectDirPath = "";
			projectRoot = "";
			targets = (
				A2AA630920733DEA005676C6 /* suffixtree */,
				A2D69297207870C000F2A171 /* testsuffixtree */,
			);
		};
/* End PBXProject section */

/* Begin PBXSourcesBuildPhase section */
		A2AA630620733DEA005676C6 /* Sources */ = {
			isa = PBXSourcesBuildPhase;
			buildActionMask = 2147483647;
			files = (
				A2656221207BE01D005FC8EB /* textstat.cpp in Sources */,
				A2AA632120733E86005676C6 /* application.cpp in Sources */,
				A2AA632B2074532F005676C6 /* prefix.cpp in Sources */,
				A2AA6328207341B1005676C6 /* helpers.cpp in Sources */,
				A2AA631F20733E86005676C6 /* suffix.cpp in Sources */,
				A2AA632220733E86005676C6 /* suffixarray.cpp in Sources */,
				A2AA632420733E86005676C6 /* lcparray.cpp in Sources */,
				A2AA632320733E86005676C6 /* suffixtree.cpp in Sources */,
			);
			runOnlyForDeploymentPostprocessing = 0;
		};
		A2D69294207870C000F2A171 /* Sources */ = {
			isa = PBXSourcesBuildPhase;
			buildActionMask = 2147483647;
			files = (
				A265624F207DCE32005FC8EB /* testsuffixtree.cpp in Sources */,
				A265623C207D08CD005FC8EB /* helpers.cpp in Sources */,
				A265624B207DC8AB005FC8EB /* testprefix.cpp in Sources */,
				A2656247207DC0CA005FC8EB /* testsuffixarray.cpp in Sources */,
				A265623D207D08CD005FC8EB /* lcparray.cpp in Sources */,
				A265623E207D08CD005FC8EB /* prefix.cpp in Sources */,
				A2656249207DC439005FC8EB /* textlcparray.cpp in Sources */,
				A265623F207D08CD005FC8EB /* suffix.cpp in Sources */,
				A2656240207D08CD005FC8EB /* suffixarray.cpp in Sources */,
				A2656241207D08CD005FC8EB /* suffixtree.cpp in Sources */,
				A2656251207DDAF3005FC8EB /* testsuffixtreenode.cpp in Sources */,
				A2656242207D08CD005FC8EB /* textstat.cpp in Sources */,
				A265624D207DCCFD005FC8EB /* testsuffix.cpp in Sources */,
				A2656244207D08CD005FC8EB /* testtextstat.cpp in Sources */,
				A2656245207D08CD005FC8EB /* runner.cpp in Sources */,
			);
			runOnlyForDeploymentPostprocessing = 0;
		};
/* End PBXSourcesBuildPhase section */

/* Begin XCBuildConfiguration section */
		A2AA630F20733DEA005676C6 /* Debug */ = {
			isa = XCBuildConfiguration;
			buildSettings = {
				ALWAYS_SEARCH_USER_PATHS = NO;
				CLANG_ANALYZER_NONNULL = YES;
				CLANG_ANALYZER_NUMBER_OBJECT_CONVERSION = YES_AGGRESSIVE;
				CLANG_CXX_LANGUAGE_STANDARD = "gnu++14";
				CLANG_CXX_LIBRARY = "libc++";
				CLANG_ENABLE_MODULES = YES;
				CLANG_ENABLE_OBJC_ARC = YES;
				CLANG_ENABLE_OBJC_WEAK = YES;
				CLANG_WARN_BLOCK_CAPTURE_AUTORELEASING = YES;
				CLANG_WARN_BOOL_CONVERSION = YES;
				CLANG_WARN_COMMA = YES;
				CLANG_WARN_CONSTANT_CONVERSION = YES;
				CLANG_WARN_DEPRECATED_OBJC_IMPLEMENTATIONS = YES;
				CLANG_WARN_DIRECT_OBJC_ISA_USAGE = YES_ERROR;
				CLANG_WARN_DOCUMENTATION_COMMENTS = YES;
				CLANG_WARN_EMPTY_BODY = YES;
				CLANG_WARN_ENUM_CONVERSION = YES;
				CLANG_WARN_INFINITE_RECURSION = YES;
				CLANG_WARN_INT_CONVERSION = YES;
				CLANG_WARN_NON_LITERAL_NULL_CONVERSION = YES;
				CLANG_WARN_OBJC_IMPLICIT_RETAIN_SELF = YES;
				CLANG_WARN_OBJC_LITERAL_CONVERSION = YES;
				CLANG_WARN_OBJC_ROOT_CLASS = YES_ERROR;
				CLANG_WARN_RANGE_LOOP_ANALYSIS = YES;
				CLANG_WARN_STRICT_PROTOTYPES = YES;
				CLANG_WARN_SUSPICIOUS_MOVE = YES;
				CLANG_WARN_UNGUARDED_AVAILABILITY = YES_AGGRESSIVE;
				CLANG_WARN_UNREACHABLE_CODE = YES;
				CLANG_WARN__DUPLICATE_METHOD_MATCH = YES;
				CODE_SIGN_IDENTITY = "Mac Developer";
				COPY_PHASE_STRIP = NO;
				DEBUG_INFORMATION_FORMAT = dwarf;
				ENABLE_STRICT_OBJC_MSGSEND = YES;
				ENABLE_TESTABILITY = YES;
				GCC_C_LANGUAGE_STANDARD = gnu11;
				GCC_DYNAMIC_NO_PIC = NO;
				GCC_NO_COMMON_BLOCKS = YES;
				GCC_OPTIMIZATION_LEVEL = 0;
				GCC_PREPROCESSOR_DEFINITIONS = (
					"DEBUG=1",
					"$(inherited)",
				);
				GCC_WARN_64_TO_32_BIT_CONVERSION = YES;
				GCC_WARN_ABOUT_RETURN_TYPE = YES_ERROR;
				GCC_WARN_UNDECLARED_SELECTOR = YES;
				GCC_WARN_UNINITIALIZED_AUTOS = YES_AGGRESSIVE;
				GCC_WARN_UNUSED_FUNCTION = YES;
				GCC_WARN_UNUSED_VARIABLE = YES;
				HEADER_SEARCH_PATHS = "";
				LIBRARY_SEARCH_PATHS = "";
				MACOSX_DEPLOYMENT_TARGET = 10.13;
				MTL_ENABLE_DEBUG_INFO = YES;
				ONLY_ACTIVE_ARCH = YES;
				SDKROOT = macosx;
			};
			name = Debug;
		};
		A2AA631020733DEA005676C6 /* Release */ = {
			isa = XCBuildConfiguration;
			buildSettings = {
				ALWAYS_SEARCH_USER_PATHS = NO;
				CLANG_ANALYZER_NONNULL = YES;
				CLANG_ANALYZER_NUMBER_OBJECT_CONVERSION = YES_AGGRESSIVE;
				CLANG_CXX_LANGUAGE_STANDARD = "gnu++14";
				CLANG_CXX_LIBRARY = "libc++";
				CLANG_ENABLE_MODULES = YES;
				CLANG_ENABLE_OBJC_ARC = YES;
				CLANG_ENABLE_OBJC_WEAK = YES;
				CLANG_WARN_BLOCK_CAPTURE_AUTORELEASING = YES;
				CLANG_WARN_BOOL_CONVERSION = YES;
				CLANG_WARN_COMMA = YES;
				CLANG_WARN_CONSTANT_CONVERSION = YES;
				CLANG_WARN_DEPRECATED_OBJC_IMPLEMENTATIONS = YES;
				CLANG_WARN_DIRECT_OBJC_ISA_USAGE = YES_ERROR;
				CLANG_WARN_DOCUMENTATION_COMMENTS = YES;
				CLANG_WARN_EMPTY_BODY = YES;
				CLANG_WARN_ENUM_CONVERSION = YES;
				CLANG_WARN_INFINITE_RECURSION = YES;
				CLANG_WARN_INT_CONVERSION = YES;
				CLANG_WARN_NON_LITERAL_NULL_CONVERSION = YES;
				CLANG_WARN_OBJC_IMPLICIT_RETAIN_SELF = YES;
				CLANG_WARN_OBJC_LITERAL_CONVERSION = YES;
				CLANG_WARN_OBJC_ROOT_CLASS = YES_ERROR;
				CLANG_WARN_RANGE_LOOP_ANALYSIS = YES;
				CLANG_WARN_STRICT_PROTOTYPES = YES;
				CLANG_WARN_SUSPICIOUS_MOVE = YES;
				CLANG_WARN_UNGUARDED_AVAILABILITY = YES_AGGRESSIVE;
				CLANG_WARN_UNREACHABLE_CODE = YES;
				CLANG_WARN__DUPLICATE_METHOD_MATCH = YES;
				CODE_SIGN_IDENTITY = "Mac Developer";
				COPY_PHASE_STRIP = NO;
				DEBUG_INFORMATION_FORMAT = "dwarf-with-dsym";
				ENABLE_NS_ASSERTIONS = NO;
				ENABLE_STRICT_OBJC_MSGSEND = YES;
				GCC_C_LANGUAGE_STANDARD = gnu11;
				GCC_NO_COMMON_BLOCKS = YES;
				GCC_WARN_64_TO_32_BIT_CONVERSION = YES;
				GCC_WARN_ABOUT_RETURN_TYPE = YES_ERROR;
				GCC_WARN_UNDECLARED_SELECTOR = YES;
				GCC_WARN_UNINITIALIZED_AUTOS = YES_AGGRESSIVE;
				GCC_WARN_UNUSED_FUNCTION = YES;
				GCC_WARN_UNUSED_VARIABLE = YES;
				HEADER_SEARCH_PATHS = "";
				LIBRARY_SEARCH_PATHS = "";
				MACOSX_DEPLOYMENT_TARGET = 10.13;
				MTL_ENABLE_DEBUG_INFO = NO;
				SDKROOT = macosx;
			};
			name = Release;
		};
		A2AA631220733DEA005676C6 /* Debug */ = {
			isa = XCBuildConfiguration;
			buildSettings = {
				CODE_SIGN_STYLE = Automatic;
				DEVELOPMENT_TEAM = V9RM22837G;
				PRODUCT_NAME = "$(TARGET_NAME)";
			};
			name = Debug;
		};
		A2AA631320733DEA005676C6 /* Release */ = {
			isa = XCBuildConfiguration;
			buildSettings = {
				CODE_SIGN_STYLE = Automatic;
				DEVELOPMENT_TEAM = V9RM22837G;
				PRODUCT_NAME = "$(TARGET_NAME)";
			};
			name = Release;
		};
		A2D6929D207870C000F2A171 /* Debug */ = {
			isa = XCBuildConfiguration;
			buildSettings = {
				CODE_SIGN_STYLE = Automatic;
				DEVELOPMENT_TEAM = V9RM22837G;
				LIBRARY_SEARCH_PATHS = /usr/local/Cellar/cppunit/1.14.0/lib;
				PRODUCT_NAME = "$(TARGET_NAME)";
			};
			name = Debug;
		};
		A2D6929E207870C000F2A171 /* Release */ = {
			isa = XCBuildConfiguration;
			buildSettings = {
				CODE_SIGN_STYLE = Automatic;
				DEVELOPMENT_TEAM = V9RM22837G;
				LIBRARY_SEARCH_PATHS = /usr/local/Cellar/cppunit/1.14.0/lib;
				PRODUCT_NAME = "$(TARGET_NAME)";
			};
			name = Release;
		};
/* End XCBuildConfiguration section */

/* Begin XCConfigurationList section */
		A2AA630520733DEA005676C6 /* Build configuration list for PBXProject "suffixtree" */ = {
			isa = XCConfigurationList;
			buildConfigurations = (
				A2AA630F20733DEA005676C6 /* Debug */,
				A2AA631020733DEA005676C6 /* Release */,
			);
			defaultConfigurationIsVisible = 0;
			defaultConfigurationName = Release;
		};
		A2AA631120733DEA005676C6 /* Build configuration list for PBXNativeTarget "suffixtree" */ = {
			isa = XCConfigurationList;
			buildConfigurations = (
				A2AA631220733DEA005676C6 /* Debug */,
				A2AA631320733DEA005676C6 /* Release */,
			);
			defaultConfigurationIsVisible = 0;
			defaultConfigurationName = Release;
		};
		A2D6929C207870C000F2A171 /* Build configuration list for PBXNativeTarget "testsuffixtree" */ = {
			isa = XCConfigurationList;
			buildConfigurations = (
				A2D6929D207870C000F2A171 /* Debug */,
				A2D6929E207870C000F2A171 /* Release */,
			);
			defaultConfigurationIsVisible = 0;
			defaultConfigurationName = Release;
		};
/* End XCConfigurationList section */
	};
	rootObject = A2AA630220733DEA005676C6 /* Project object */;
}
